
Microsoft Visual Studio Solution File, Format Version 12.00
# Visual Studio Version 17
VisualStudioVersion = 17.10.34928.147
MinimumVisualStudioVersion = 10.0.40219.1
Project("{8BC9CEB8-8B4A-11D0-8D11-00A0C91BC942}") = "modulo01", "modulo01\modulo01.vcxproj", "{A452F2DD-946A-425B-968E-CF84D3A6A92C}"
EndProject
Project("{8BC9CEB8-8B4A-11D0-8D11-00A0C91BC942}") = "modulo02", "modulo02\modulo02.vcxproj", "{83BBF37A-BF07-4C44-9171-FB090A94B4A3}"
EndProject
Project("{8BC9CEB8-8B4A-11D0-8D11-00A0C91BC942}") = "modulo03", "modulo03\modulo03.vcxproj", "{3BDA61E0-DBCD-48F5-866B-4AD4A04333DA}"
EndProject
Project("{8BC9CEB8-8B4A-11D0-8D11-00A0C91BC942}") = "modulo04", "modulo04\modulo04.vcxproj", "{E3993778-29B8-43C0-9325-837939911743}"
EndProject
Project("{8BC9CEB8-8B4A-11D0-8D11-00A0C91BC942}") = "modulo05", "modulo05\modulo05.vcxproj", "{6EB8BFD4-8A42-4BF4-945D-6F5D9D396154}"
EndProject
Project("{8BC9CEB8-8B4A-11D0-8D11-00A0C91BC942}") = "grau-b", "grau-b\grau-b.vcxproj", "{97CBE7DE-5AC4-4B9B-924E-62F3F356E89E}"
EndProject
Project("{8BC9CEB8-8B4A-11D0-8D11-00A0C91BC942}") = "modulo06", "modulo06\modulo06.vcxproj", "{A8AEB2C5-68D8-41B1-B308-70601C2E14FB}"
EndProject
Global
	GlobalSection(SolutionConfigurationPlatforms) = preSolution
		Debug|x64 = Debug|x64
		Debug|x86 = Debug|x86
		Release|x64 = Release|x64
		Release|x86 = Release|x86
	EndGlobalSection
	GlobalSection(ProjectConfigurationPlatforms) = postSolution
		{A452F2DD-946A-425B-968E-CF84D3A6A92C}.Debug|x64.ActiveCfg = Debug|x64
		{A452F2DD-946A-425B-968E-CF84D3A6A92C}.Debug|x64.Build.0 = Debug|x64
		{A452F2DD-946A-425B-968E-CF84D3A6A92C}.Debug|x86.ActiveCfg = Debug|Win32
		{A452F2DD-946A-425B-968E-CF84D3A6A92C}.Debug|x86.Build.0 = Debug|Win32
		{A452F2DD-946A-425B-968E-CF84D3A6A92C}.Release|x64.ActiveCfg = Release|x64
		{A452F2DD-946A-425B-968E-CF84D3A6A92C}.Release|x64.Build.0 = Release|x64
		{A452F2DD-946A-425B-968E-CF84D3A6A92C}.Release|x86.ActiveCfg = Release|Win32
		{A452F2DD-946A-425B-968E-CF84D3A6A92C}.Release|x86.Build.0 = Release|Win32
		{83BBF37A-BF07-4C44-9171-FB090A94B4A3}.Debug|x64.ActiveCfg = Debug|x64
		{83BBF37A-BF07-4C44-9171-FB090A94B4A3}.Debug|x64.Build.0 = Debug|x64
		{83BBF37A-BF07-4C44-9171-FB090A94B4A3}.Debug|x86.ActiveCfg = Debug|Win32
		{83BBF37A-BF07-4C44-9171-FB090A94B4A3}.Debug|x86.Build.0 = Debug|Win32
		{83BBF37A-BF07-4C44-9171-FB090A94B4A3}.Release|x64.ActiveCfg = Release|x64
		{83BBF37A-BF07-4C44-9171-FB090A94B4A3}.Release|x64.Build.0 = Release|x64
		{83BBF37A-BF07-4C44-9171-FB090A94B4A3}.Release|x86.ActiveCfg = Release|Win32
		{83BBF37A-BF07-4C44-9171-FB090A94B4A3}.Release|x86.Build.0 = Release|Win32
		{3BDA61E0-DBCD-48F5-866B-4AD4A04333DA}.Debug|x64.ActiveCfg = Debug|x64
		{3BDA61E0-DBCD-48F5-866B-4AD4A04333DA}.Debug|x64.Build.0 = Debug|x64
		{3BDA61E0-DBCD-48F5-866B-4AD4A04333DA}.Debug|x86.ActiveCfg = Debug|Win32
		{3BDA61E0-DBCD-48F5-866B-4AD4A04333DA}.Debug|x86.Build.0 = Debug|Win32
		{3BDA61E0-DBCD-48F5-866B-4AD4A04333DA}.Release|x64.ActiveCfg = Release|x64
		{3BDA61E0-DBCD-48F5-866B-4AD4A04333DA}.Release|x64.Build.0 = Release|x64
		{3BDA61E0-DBCD-48F5-866B-4AD4A04333DA}.Release|x86.ActiveCfg = Release|Win32
		{3BDA61E0-DBCD-48F5-866B-4AD4A04333DA}.Release|x86.Build.0 = Release|Win32
		{E3993778-29B8-43C0-9325-837939911743}.Debug|x64.ActiveCfg = Debug|x64
		{E3993778-29B8-43C0-9325-837939911743}.Debug|x64.Build.0 = Debug|x64
		{E3993778-29B8-43C0-9325-837939911743}.Debug|x86.ActiveCfg = Debug|Win32
		{E3993778-29B8-43C0-9325-837939911743}.Debug|x86.Build.0 = Debug|Win32
		{E3993778-29B8-43C0-9325-837939911743}.Release|x64.ActiveCfg = Release|x64
		{E3993778-29B8-43C0-9325-837939911743}.Release|x64.Build.0 = Release|x64
		{E3993778-29B8-43C0-9325-837939911743}.Release|x86.ActiveCfg = Release|Win32
		{E3993778-29B8-43C0-9325-837939911743}.Release|x86.Build.0 = Release|Win32
		{6EB8BFD4-8A42-4BF4-945D-6F5D9D396154}.Debug|x64.ActiveCfg = Debug|x64
		{6EB8BFD4-8A42-4BF4-945D-6F5D9D396154}.Debug|x64.Build.0 = Debug|x64
		{6EB8BFD4-8A42-4BF4-945D-6F5D9D396154}.Debug|x86.ActiveCfg = Debug|Win32
		{6EB8BFD4-8A42-4BF4-945D-6F5D9D396154}.Debug|x86.Build.0 = Debug|Win32
		{6EB8BFD4-8A42-4BF4-945D-6F5D9D396154}.Release|x64.ActiveCfg = Release|x64
		{6EB8BFD4-8A42-4BF4-945D-6F5D9D396154}.Release|x64.Build.0 = Release|x64
		{6EB8BFD4-8A42-4BF4-945D-6F5D9D396154}.Release|x86.ActiveCfg = Release|Win32
		{6EB8BFD4-8A42-4BF4-945D-6F5D9D396154}.Release|x86.Build.0 = Release|Win32
		{97CBE7DE-5AC4-4B9B-924E-62F3F356E89E}.Debug|x64.ActiveCfg = Debug|x64
		{97CBE7DE-5AC4-4B9B-924E-62F3F356E89E}.Debug|x64.Build.0 = Debug|x64
		{97CBE7DE-5AC4-4B9B-924E-62F3F356E89E}.Debug|x86.ActiveCfg = Debug|Win32
		{97CBE7DE-5AC4-4B9B-924E-62F3F356E89E}.Debug|x86.Build.0 = Debug|Win32
		{97CBE7DE-5AC4-4B9B-924E-62F3F356E89E}.Release|x64.ActiveCfg = Release|x64
		{97CBE7DE-5AC4-4B9B-924E-62F3F356E89E}.Release|x64.Build.0 = Release|x64
		{97CBE7DE-5AC4-4B9B-924E-62F3F356E89E}.Release|x86.ActiveCfg = Release|Win32
		{97CBE7DE-5AC4-4B9B-924E-62F3F356E89E}.Release|x86.Build.0 = Release|Win32
		{A8AEB2C5-68D8-41B1-B308-70601C2E14FB}.Debug|x64.ActiveCfg = Debug|x64
		{A8AEB2C5-68D8-41B1-B308-70601C2E14FB}.Debug|x64.Build.0 = Debug|x64
		{A8AEB2C5-68D8-41B1-B308-70601C2E14FB}.Debug|x86.ActiveCfg = Debug|Win32
		{A8AEB2C5-68D8-41B1-B308-70601C2E14FB}.Debug|x86.Build.0 = Debug|Win32
		{A8AEB2C5-68D8-41B1-B308-70601C2E14FB}.Release|x64.ActiveCfg = Release|x64
		{A8AEB2C5-68D8-41B1-B308-70601C2E14FB}.Release|x64.Build.0 = Release|x64
		{A8AEB2C5-68D8-41B1-B308-70601C2E14FB}.Release|x86.ActiveCfg = Release|Win32
		{A8AEB2C5-68D8-41B1-B308-70601C2E14FB}.Release|x86.Build.0 = Release|Win32
	EndGlobalSection
	GlobalSection(SolutionProperties) = preSolution
		HideSolutionNode = FALSE
	EndGlobalSection
	GlobalSection(ExtensibilityGlobals) = postSolution
		SolutionGuid = {3A0C4951-79CC-4F6B-A2C1-F25A476076E2}
	EndGlobalSection
EndGlobal
